github.com/Torebekov/lib_less2 v1.0.0 h1:ZR7U9/IVC7BaaE+utKp6QYoAAOf9s/ROswZTuW8dLtU=
github.com/Torebekov/lib_less2 v1.0.0/go.mod h1:WnrIPe1Brj/4u8X/5kIN/QmoT+D8SU6/PnSCco2jD+g=
github.com/Torebekov/lib_less2 v1.0.1 h1:XZi0+j+ZHfQq6Q1FDF7hobRtqCbj+MLtzbzp11M/ouU=
github.com/Torebekov/lib_less2 v1.0.1/go.mod h1:WnrIPe1Brj/4u8X/5kIN/QmoT+D8SU6/PnSCco2jD+g=
