github.com/Torebekov/lib_less2 v1.0.2 h1:+e/N4zYo1m6YTCrpobScGyp04eRkFhu3rm2PHV2imsE=
github.com/Torebekov/lib_less2 v1.0.2/go.mod h1:B1YNT2ZIM0mDGn5Mxhhsy9cy5HkDloqqluoFxpUSNDA=
github.com/muyo/sno v1.2.0 h1:/J+vDR2g9A05b+BAOi/YiPTtPt0CuQPMcxcgnMZFT6I=
github.com/muyo/sno v1.2.0/go.mod h1:Hjr5WzLleYD7bJYvQGo5UK7hpE2kSvMbihc0bMWF2bU=
